
Microsoft Visual Studio Solution File, Format Version 12.00
# Visual Studio Version 17
VisualStudioVersion = 17.7.34202.233
MinimumVisualStudioVersion = 10.0.40219.1
Project("{F2A71F9B-5D33-465A-A702-920D77279786}") = "AoC2023", "AoC2023\AoC2023.fsproj", "{A8C59BA8-4A8A-420B-ACFC-58900E968696}"
EndProject
Global
	GlobalSection(SolutionConfigurationPlatforms) = preSolution
		Debug|Any CPU = Debug|Any CPU
		Release|Any CPU = Release|Any CPU
	EndGlobalSection
	GlobalSection(ProjectConfigurationPlatforms) = postSolution
		{A8C59BA8-4A8A-420B-ACFC-58900E968696}.Debug|Any CPU.ActiveCfg = Debug|Any CPU
		{A8C59BA8-4A8A-420B-ACFC-58900E968696}.Debug|Any CPU.Build.0 = Debug|Any CPU
		{A8C59BA8-4A8A-420B-ACFC-58900E968696}.Release|Any CPU.ActiveCfg = Release|Any CPU
		{A8C59BA8-4A8A-420B-ACFC-58900E968696}.Release|Any CPU.Build.0 = Release|Any CPU
	EndGlobalSection
	GlobalSection(SolutionProperties) = preSolution
		HideSolutionNode = FALSE
	EndGlobalSection
	GlobalSection(ExtensibilityGlobals) = postSolution
		SolutionGuid = {C7756E98-99D8-4001-8959-B5D95BD7C457}
	EndGlobalSection
EndGlobal
